// !$*UTF8*$!
{
	archiveVersion = 1;
	classes = {
	};
	objectVersion = 77;
	objects = {

/* Begin PBXBuildFile section */
		6B71C45DACC10ADA707DD05E /* CricketCore in Frameworks */ = {isa = PBXBuildFile; productRef = E77247FC72CC69ED320D1BFA /* CricketCore */; };
/* End PBXBuildFile section */

/* Begin PBXFileReference section */
		9BA90C7602D170F0B8C70E22 /* LifeOfACricket.app */ = {isa = PBXFileReference; explicitFileType = wrapper.application; includeInIndex = 0; path = LifeOfACricket.app; sourceTree = BUILT_PRODUCTS_DIR; };
		260832A4E5C41300C7E707DC /* Info.plist */ = {isa = PBXFileReference; lastKnownFileType = text.plist.xml; path = Info.plist; sourceTree = "<group>"; };
/* End PBXFileReference section */

/* Begin PBXFileSystemSynchronizedRootGroup section */
		C3C139C1B14FAEC81EA83691 /* Sources */ = {isa = PBXFileSystemSynchronizedRootGroup; explicitFileTypes = {}; explicitFolders = (); path = Sources; sourceTree = "<group>"; };
/* End PBXFileSystemSynchronizedRootGroup section */

/* Begin PBXFrameworksBuildPhase section */
		7D3F4C7AE8F0895B41A5A5B1 /* Frameworks */ = {
			isa = PBXFrameworksBuildPhase;
			buildActionMask = 2147483647;
			files = (
				6B71C45DACC10ADA707DD05E /* CricketCore in Frameworks */,
			);
			runOnlyForDeploymentPostprocessing = 0;
		};
/* End PBXFrameworksBuildPhase section */

/* Begin PBXGroup section */
		7870442D0BE303F949E1BA52 = {
			isa = PBXGroup;
			children = (
				C3C139C1B14FAEC81EA83691 /* Sources */,
				260832A4E5C41300C7E707DC /* Info.plist */,
				19CB6093F2A7FF3F2798BA44 /* Products */,
			);
			sourceTree = "<group>";
		};
		19CB6093F2A7FF3F2798BA44 /* Products */ = {
			isa = PBXGroup;
			children = (
				9BA90C7602D170F0B8C70E22 /* LifeOfACricket.app */,
			);
			name = Products;
			sourceTree = "<group>";
		};
/* End PBXGroup section */

/* Begin PBXNativeTarget section */
		C34BCB8573F0A40E738521B0 /* LifeOfACricket */ = {
			isa = PBXNativeTarget;
			buildConfigurationList = BA0FB631D991D672C4C44BF7 /* Build configuration list for PBXNativeTarget "LifeOfACricket" */;
			buildPhases = (
				35DF475BEFE433A7B28C1DF5 /* Sources */,
				7D3F4C7AE8F0895B41A5A5B1 /* Frameworks */,
				DF69A08F6249F447AB47EB00 /* Resources */,
			);
			buildRules = (
			);
			dependencies = (
			);
			fileSystemSynchronizedGroups = (
				C3C139C1B14FAEC81EA83691 /* Sources */,
			);
			name = LifeOfACricket;
			packageProductDependencies = (
				E77247FC72CC69ED320D1BFA /* CricketCore */,
			);
			productName = LifeOfACricket;
			productReference = 9BA90C7602D170F0B8C70E22 /* LifeOfACricket.app */;
			productType = "com.apple.product-type.application";
		};
/* End PBXNativeTarget section */

/* Begin PBXProject section */
		0C946294A722326C90436A09 /* Project object */ = {
			isa = PBXProject;
			attributes = {
				BuildIndependentTargetsInParallel = 1;
				LastSwiftUpdateCheck = 1620;
				LastUpgradeCheck = 1620;
				TargetAttributes = {
					C34BCB8573F0A40E738521B0 = {
						CreatedOnToolsVersion = 16.2;
					};
				};
			};
			buildConfigurationList = 41A1E19CA03C7055DD4E3FE8 /* Build configuration list for PBXProject "LifeOfACricket" */;
			compatibilityVersion = "Xcode 14.0";
			developmentRegion = en;
			hasScannedForEncodings = 0;
			knownRegions = (
				en,
				Base,
			);
			mainGroup = 7870442D0BE303F949E1BA52;
			minimizedProjectReferenceProxies = 1;
			packageReferences = (
				3AAF78934F977E976A57C3AC /* XCLocalSwiftPackageReference "../CricketCore" */,
			);
			preferredProjectObjectVersion = 77;
			productRefGroup = 19CB6093F2A7FF3F2798BA44 /* Products */;
			projectDirPath = "";
			projectRoot = "";
			targets = (
				C34BCB8573F0A40E738521B0 /* LifeOfACricket */,
			);
		};
/* End PBXProject section */

/* Begin PBXResourcesBuildPhase section */
		DF69A08F6249F447AB47EB00 /* Resources */ = {
			isa = PBXResourcesBuildPhase;
			buildActionMask = 2147483647;
			files = (
			);
			runOnlyForDeploymentPostprocessing = 0;
		};
/* End PBXResourcesBuildPhase section */

/* Begin PBXSourcesBuildPhase section */
		35DF475BEFE433A7B28C1DF5 /* Sources */ = {
			isa = PBXSourcesBuildPhase;
			buildActionMask = 2147483647;
			files = (
			);
			runOnlyForDeploymentPostprocessing = 0;
		};
/* End PBXSourcesBuildPhase section */

/* Begin XCBuildConfiguration section */
		B73ACE7208D0384D506F972B /* Debug */ = {
			isa = XCBuildConfiguration;
			buildSettings = {
				ALWAYS_SEARCH_USER_PATHS = NO;
				CLANG_ENABLE_MODULES = YES;
				CLANG_ENABLE_OBJC_ARC = YES;
				CLANG_WARN_QUOTED_INCLUDE_IN_FRAMEWORK_HEADER = YES;
				COPY_PHASE_STRIP = NO;
				DEBUG_INFORMATION_FORMAT = dwarf;
				ENABLE_STRICT_OBJC_MSGSEND = YES;
				ENABLE_TESTABILITY = YES;
				GCC_C_LANGUAGE_STANDARD = gnu17;
				GCC_DYNAMIC_NO_PIC = NO;
				GCC_NO_COMMON_BLOCKS = YES;
				GCC_OPTIMIZATION_LEVEL = 0;
				GCC_PREPROCESSOR_DEFINITIONS = (
					"DEBUG=1",
					"$(inherited)",
				);
				IPHONEOS_DEPLOYMENT_TARGET = 17.0;
				MTL_ENABLE_DEBUG_INFO = INCLUDE_SOURCE;
				MTL_FAST_MATH = YES;
				ONLY_ACTIVE_ARCH = YES;
				SDKROOT = iphoneos;
				SWIFT_ACTIVE_COMPILATION_CONDITIONS = "DEBUG $(inherited)";
				SWIFT_OPTIMIZATION_LEVEL = "-Onone";
				SWIFT_VERSION = 6.0;
			};
			name = Debug;
		};
		EB38F995032D41342B39CAE7 /* Release */ = {
			isa = XCBuildConfiguration;
			buildSettings = {
				ALWAYS_SEARCH_USER_PATHS = NO;
				CLANG_ENABLE_MODULES = YES;
				CLANG_ENABLE_OBJC_ARC = YES;
				CLANG_WARN_QUOTED_INCLUDE_IN_FRAMEWORK_HEADER = YES;
				COPY_PHASE_STRIP = NO;
				DEBUG_INFORMATION_FORMAT = "dwarf-with-dsym";
				ENABLE_NS_ASSERTIONS = NO;
				ENABLE_STRICT_OBJC_MSGSEND = YES;
				GCC_C_LANGUAGE_STANDARD = gnu17;
				GCC_NO_COMMON_BLOCKS = YES;
				IPHONEOS_DEPLOYMENT_TARGET = 17.0;
				MTL_ENABLE_DEBUG_INFO = NO;
				MTL_FAST_MATH = YES;
				SDKROOT = iphoneos;
				SWIFT_COMPILATION_MODE = wholemodule;
				SWIFT_VERSION = 6.0;
				VALIDATE_PRODUCT = YES;
			};
			name = Release;
		};
		2D8196EF51C75D1D8275D448 /* Debug */ = {
			isa = XCBuildConfiguration;
			buildSettings = {
				ASSETCATALOG_COMPILER_GENERATE_SWIFT_ASSET_SYMBOL_EXTENSIONS = YES;
				CODE_SIGN_STYLE = Automatic;
				CURRENT_PROJECT_VERSION = 1;
				ENABLE_PREVIEWS = YES;
				GENERATE_INFOPLIST_FILE = NO;
				INFOPLIST_FILE = Info.plist;
				INFOPLIST_KEY_UILaunchScreen_Generation = YES;
				IPHONEOS_DEPLOYMENT_TARGET = 17.0;
				LD_RUNPATH_SEARCH_PATHS = (
					"$(inherited)",
					"@executable_path/Frameworks",
				);
				MARKETING_VERSION = 1.0;
				PRODUCT_BUNDLE_IDENTIFIER = com.hpfs.LifeOfACricket;
				PRODUCT_NAME = "$(TARGET_NAME)";
				SDKROOT = iphoneos;
				SUPPORTED_PLATFORMS = "iphoneos iphonesimulator";
				SWIFT_EMIT_LOC_STRINGS = YES;
				SWIFT_VERSION = 6.0;
				TARGETED_DEVICE_FAMILY = "1,2";
			};
			name = Debug;
		};
		5D8955439A34D8F048775823 /* Release */ = {
			isa = XCBuildConfiguration;
			buildSettings = {
				ASSETCATALOG_COMPILER_GENERATE_SWIFT_ASSET_SYMBOL_EXTENSIONS = YES;
				CODE_SIGN_STYLE = Automatic;
				CURRENT_PROJECT_VERSION = 1;
				ENABLE_PREVIEWS = YES;
				GENERATE_INFOPLIST_FILE = NO;
				INFOPLIST_FILE = Info.plist;
				INFOPLIST_KEY_UILaunchScreen_Generation = YES;
				IPHONEOS_DEPLOYMENT_TARGET = 17.0;
				LD_RUNPATH_SEARCH_PATHS = (
					"$(inherited)",
					"@executable_path/Frameworks",
				);
				MARKETING_VERSION = 1.0;
				PRODUCT_BUNDLE_IDENTIFIER = com.hpfs.LifeOfACricket;
				PRODUCT_NAME = "$(TARGET_NAME)";
				SDKROOT = iphoneos;
				SUPPORTED_PLATFORMS = "iphoneos iphonesimulator";
				SWIFT_EMIT_LOC_STRINGS = YES;
				SWIFT_VERSION = 6.0;
				TARGETED_DEVICE_FAMILY = "1,2";
			};
			name = Release;
		};
/* End XCBuildConfiguration section */

/* Begin XCConfigurationList section */
		41A1E19CA03C7055DD4E3FE8 /* Build configuration list for PBXProject "LifeOfACricket" */ = {
			isa = XCConfigurationList;
			buildConfigurations = (
				B73ACE7208D0384D506F972B /* Debug */,
				EB38F995032D41342B39CAE7 /* Release */,
			);
			defaultConfigurationIsVisible = 0;
			defaultConfigurationName = Release;
		};
		BA0FB631D991D672C4C44BF7 /* Build configuration list for PBXNativeTarget "LifeOfACricket" */ = {
			isa = XCConfigurationList;
			buildConfigurations = (
				2D8196EF51C75D1D8275D448 /* Debug */,
				5D8955439A34D8F048775823 /* Release */,
			);
			defaultConfigurationIsVisible = 0;
			defaultConfigurationName = Release;
		};
/* End XCConfigurationList section */

/* Begin XCLocalSwiftPackageReference section */
		3AAF78934F977E976A57C3AC /* XCLocalSwiftPackageReference "../CricketCore" */ = {
			isa = XCLocalSwiftPackageReference;
			relativePath = ../CricketCore;
		};
/* End XCLocalSwiftPackageReference section */

/* Begin XCSwiftPackageProductDependency section */
		E77247FC72CC69ED320D1BFA /* CricketCore */ = {
			isa = XCSwiftPackageProductDependency;
			productName = CricketCore;
		};
/* End XCSwiftPackageProductDependency section */
	};
	rootObject = 0C946294A722326C90436A09 /* Project object */;
}
